<?xml version="1.0" encoding="UTF-8"?>
<Scheme
   version = "1.3">
   <BuildAction>
      <BuildActionEntries>
         <BuildActionEntry
            buildForRunning = "YES">
            <BuildableReference
               BuildableIdentifier = "primary"
               BlueprintIdentifier = "CEE666A2DFFB1C58C99615E8"
               BuildableName = "demoMBProgressHUD.app"
               BlueprintName = "demoMBProgressHUD"
               ReferencedContainer = "container:demoMBProgressHUD.xcodeproj">
            </BuildableReference>
         </BuildActionEntry>
      </BuildActionEntries>
   </BuildAction>
   <LaunchAction
      useCustomWorkingDirectory = "NO"
      buildConfiguration = "Debug">
      <BuildableProductRunnable>
         <BuildableReference
            BuildableIdentifier = "primary"
            BlueprintIdentifier = "CEE666A2DFFB1C58C99615E8"
            BuildableName = "demoMBProgressHUD.app"
            BlueprintName = "demoMBProgressHUD"
            ReferencedContainer = "container:demoMBProgressHUD.xcodeproj">
         </BuildableReference>
      </BuildableProductRunnable>
   </LaunchAction>
</Scheme>
