// !$*UTF8*$!
{
	archiveVersion = 1;
	classes = {
	};
	objectVersion = 46;
	objects = {

/* Begin PBXBuildFile section */
		D741C30E1C3BDE68007F1960 /* main.m in Sources */ = {isa = PBXBuildFile; fileRef = D741C30D1C3BDE68007F1960 /* main.m */; };
		D741C3111C3BDE68007F1960 /* AppDelegate.m in Sources */ = {isa = PBXBuildFile; fileRef = D741C3101C3BDE68007F1960 /* AppDelegate.m */; };
		D741C3191C3BDE68007F1960 /* Assets.xcassets in Resources */ = {isa = PBXBuildFile; fileRef = D741C3181C3BDE68007F1960 /* Assets.xcassets */; };
		D741C31C1C3BDE68007F1960 /* LaunchScreen.storyboard in Resources */ = {isa = PBXBuildFile; fileRef = D741C31A1C3BDE68007F1960 /* LaunchScreen.storyboard */; };
		D741C3271C3BDE68007F1960 /* blogNavPlusStatusBarTests.m in Sources */ = {isa = PBXBuildFile; fileRef = D741C3261C3BDE68007F1960 /* blogNavPlusStatusBarTests.m */; };
		D741C3321C3BDE68007F1960 /* blogNavPlusStatusBarUITests.m in Sources */ = {isa = PBXBuildFile; fileRef = D741C3311C3BDE68007F1960 /* blogNavPlusStatusBarUITests.m */; };
		D741C3421C3BDF1A007F1960 /* NavPlusStatusBarViewController.m in Sources */ = {isa = PBXBuildFile; fileRef = D741C3411C3BDF1A007F1960 /* NavPlusStatusBarViewController.m */; };
/* End PBXBuildFile section */

/* Begin PBXContainerItemProxy section */
		D741C3231C3BDE68007F1960 /* PBXContainerItemProxy */ = {
			isa = PBXContainerItemProxy;
			containerPortal = D741C3011C3BDE68007F1960 /* Project object */;
			proxyType = 1;
			remoteGlobalIDString = D741C3081C3BDE68007F1960;
			remoteInfo = blogNavPlusStatusBar;
		};
		D741C32E1C3BDE68007F1960 /* PBXContainerItemProxy */ = {
			isa = PBXContainerItemProxy;
			containerPortal = D741C3011C3BDE68007F1960 /* Project object */;
			proxyType = 1;
			remoteGlobalIDString = D741C3081C3BDE68007F1960;
			remoteInfo = blogNavPlusStatusBar;
		};
/* End PBXContainerItemProxy section */

/* Begin PBXFileReference section */
		D741C3091C3BDE68007F1960 /* blogNavPlusStatusBar.app */ = {isa = PBXFileReference; explicitFileType = wrapper.application; includeInIndex = 0; path = blogNavPlusStatusBar.app; sourceTree = BUILT_PRODUCTS_DIR; };
		D741C30D1C3BDE68007F1960 /* main.m */ = {isa = PBXFileReference; lastKnownFileType = sourcecode.c.objc; path = main.m; sourceTree = "<group>"; };
		D741C30F1C3BDE68007F1960 /* AppDelegate.h */ = {isa = PBXFileReference; lastKnownFileType = sourcecode.c.h; path = AppDelegate.h; sourceTree = "<group>"; };
		D741C3101C3BDE68007F1960 /* AppDelegate.m */ = {isa = PBXFileReference; lastKnownFileType = sourcecode.c.objc; path = AppDelegate.m; sourceTree = "<group>"; };
		D741C3181C3BDE68007F1960 /* Assets.xcassets */ = {isa = PBXFileReference; lastKnownFileType = folder.assetcatalog; path = Assets.xcassets; sourceTree = "<group>"; };
		D741C31B1C3BDE68007F1960 /* Base */ = {isa = PBXFileReference; lastKnownFileType = file.storyboard; name = Base; path = Base.lproj/LaunchScreen.storyboard; sourceTree = "<group>"; };
		D741C31D1C3BDE68007F1960 /* Info.plist */ = {isa = PBXFileReference; lastKnownFileType = text.plist.xml; path = Info.plist; sourceTree = "<group>"; };
		D741C3221C3BDE68007F1960 /* blogNavPlusStatusBarTests.xctest */ = {isa = PBXFileReference; explicitFileType = wrapper.cfbundle; includeInIndex = 0; path = blogNavPlusStatusBarTests.xctest; sourceTree = BUILT_PRODUCTS_DIR; };
		D741C3261C3BDE68007F1960 /* blogNavPlusStatusBarTests.m */ = {isa = PBXFileReference; lastKnownFileType = sourcecode.c.objc; path = blogNavPlusStatusBarTests.m; sourceTree = "<group>"; };
		D741C3281C3BDE68007F1960 /* Info.plist */ = {isa = PBXFileReference; lastKnownFileType = text.plist.xml; path = Info.plist; sourceTree = "<group>"; };
		D741C32D1C3BDE68007F1960 /* blogNavPlusStatusBarUITests.xctest */ = {isa = PBXFileReference; explicitFileType = wrapper.cfbundle; includeInIndex = 0; path = blogNavPlusStatusBarUITests.xctest; sourceTree = BUILT_PRODUCTS_DIR; };
		D741C3311C3BDE68007F1960 /* blogNavPlusStatusBarUITests.m */ = {isa = PBXFileReference; lastKnownFileType = sourcecode.c.objc; path = blogNavPlusStatusBarUITests.m; sourceTree = "<group>"; };
		D741C3331C3BDE68007F1960 /* Info.plist */ = {isa = PBXFileReference; lastKnownFileType = text.plist.xml; path = Info.plist; sourceTree = "<group>"; };
		D741C3401C3BDF1A007F1960 /* NavPlusStatusBarViewController.h */ = {isa = PBXFileReference; fileEncoding = 4; lastKnownFileType = sourcecode.c.h; path = NavPlusStatusBarViewController.h; sourceTree = "<group>"; };
		D741C3411C3BDF1A007F1960 /* NavPlusStatusBarViewController.m */ = {isa = PBXFileReference; fileEncoding = 4; lastKnownFileType = sourcecode.c.objc; path = NavPlusStatusBarViewController.m; sourceTree = "<group>"; };
/* End PBXFileReference section */

/* Begin PBXFrameworksBuildPhase section */
		D741C3061C3BDE68007F1960 /* Frameworks */ = {
			isa = PBXFrameworksBuildPhase;
			buildActionMask = 2147483647;
			files = (
			);
			runOnlyForDeploymentPostprocessing = 0;
		};
		D741C31F1C3BDE68007F1960 /* Frameworks */ = {
			isa = PBXFrameworksBuildPhase;
			buildActionMask = 2147483647;
			files = (
			);
			runOnlyForDeploymentPostprocessing = 0;
		};
		D741C32A1C3BDE68007F1960 /* Frameworks */ = {
			isa = PBXFrameworksBuildPhase;
			buildActionMask = 2147483647;
			files = (
			);
			runOnlyForDeploymentPostprocessing = 0;
		};
/* End PBXFrameworksBuildPhase section */

/* Begin PBXGroup section */
		D741C3001C3BDE68007F1960 = {
			isa = PBXGroup;
			children = (
				D741C30B1C3BDE68007F1960 /* blogNavPlusStatusBar */,
				D741C3251C3BDE68007F1960 /* blogNavPlusStatusBarTests */,
				D741C3301C3BDE68007F1960 /* blogNavPlusStatusBarUITests */,
				D741C30A1C3BDE68007F1960 /* Products */,
			);
			sourceTree = "<group>";
		};
		D741C30A1C3BDE68007F1960 /* Products */ = {
			isa = PBXGroup;
			children = (
				D741C3091C3BDE68007F1960 /* blogNavPlusStatusBar.app */,
				D741C3221C3BDE68007F1960 /* blogNavPlusStatusBarTests.xctest */,
				D741C32D1C3BDE68007F1960 /* blogNavPlusStatusBarUITests.xctest */,
			);
			name = Products;
			sourceTree = "<group>";
		};
		D741C30B1C3BDE68007F1960 /* blogNavPlusStatusBar */ = {
			isa = PBXGroup;
			children = (
				D741C30F1C3BDE68007F1960 /* AppDelegate.h */,
				D741C3101C3BDE68007F1960 /* AppDelegate.m */,
				D741C3181C3BDE68007F1960 /* Assets.xcassets */,
				D741C30C1C3BDE68007F1960 /* Supporting Files */,
				D741C3401C3BDF1A007F1960 /* NavPlusStatusBarViewController.h */,
				D741C3411C3BDF1A007F1960 /* NavPlusStatusBarViewController.m */,
			);
			path = blogNavPlusStatusBar;
			sourceTree = "<group>";
		};
		D741C30C1C3BDE68007F1960 /* Supporting Files */ = {
			isa = PBXGroup;
			children = (
				D741C31A1C3BDE68007F1960 /* LaunchScreen.storyboard */,
				D741C31D1C3BDE68007F1960 /* Info.plist */,
				D741C30D1C3BDE68007F1960 /* main.m */,
			);
			name = "Supporting Files";
			sourceTree = "<group>";
		};
		D741C3251C3BDE68007F1960 /* blogNavPlusStatusBarTests */ = {
			isa = PBXGroup;
			children = (
				D741C3261C3BDE68007F1960 /* blogNavPlusStatusBarTests.m */,
				D741C3281C3BDE68007F1960 /* Info.plist */,
			);
			path = blogNavPlusStatusBarTests;
			sourceTree = "<group>";
		};
		D741C3301C3BDE68007F1960 /* blogNavPlusStatusBarUITests */ = {
			isa = PBXGroup;
			children = (
				D741C3311C3BDE68007F1960 /* blogNavPlusStatusBarUITests.m */,
				D741C3331C3BDE68007F1960 /* Info.plist */,
			);
			path = blogNavPlusStatusBarUITests;
			sourceTree = "<group>";
		};
/* End PBXGroup section */

/* Begin PBXNativeTarget section */
		D741C3081C3BDE68007F1960 /* blogNavPlusStatusBar */ = {
			isa = PBXNativeTarget;
			buildConfigurationList = D741C3361C3BDE68007F1960 /* Build configuration list for PBXNativeTarget "blogNavPlusStatusBar" */;
			buildPhases = (
				D741C3051C3BDE68007F1960 /* Sources */,
				D741C3061C3BDE68007F1960 /* Frameworks */,
				D741C3071C3BDE68007F1960 /* Resources */,
			);
			buildRules = (
			);
			dependencies = (
			);
			name = blogNavPlusStatusBar;
			productName = blogNavPlusStatusBar;
			productReference = D741C3091C3BDE68007F1960 /* blogNavPlusStatusBar.app */;
			productType = "com.apple.product-type.application";
		};
		D741C3211C3BDE68007F1960 /* blogNavPlusStatusBarTests */ = {
			isa = PBXNativeTarget;
			buildConfigurationList = D741C3391C3BDE68007F1960 /* Build configuration list for PBXNativeTarget "blogNavPlusStatusBarTests" */;
			buildPhases = (
				D741C31E1C3BDE68007F1960 /* Sources */,
				D741C31F1C3BDE68007F1960 /* Frameworks */,
				D741C3201C3BDE68007F1960 /* Resources */,
			);
			buildRules = (
			);
			dependencies = (
				D741C3241C3BDE68007F1960 /* PBXTargetDependency */,
			);
			name = blogNavPlusStatusBarTests;
			productName = blogNavPlusStatusBarTests;
			productReference = D741C3221C3BDE68007F1960 /* blogNavPlusStatusBarTests.xctest */;
			productType = "com.apple.product-type.bundle.unit-test";
		};
		D741C32C1C3BDE68007F1960 /* blogNavPlusStatusBarUITests */ = {
			isa = PBXNativeTarget;
			buildConfigurationList = D741C33C1C3BDE68007F1960 /* Build configuration list for PBXNativeTarget "blogNavPlusStatusBarUITests" */;
			buildPhases = (
				D741C3291C3BDE68007F1960 /* Sources */,
				D741C32A1C3BDE68007F1960 /* Frameworks */,
				D741C32B1C3BDE68007F1960 /* Resources */,
			);
			buildRules = (
			);
			dependencies = (
				D741C32F1C3BDE68007F1960 /* PBXTargetDependency */,
			);
			name = blogNavPlusStatusBarUITests;
			productName = blogNavPlusStatusBarUITests;
			productReference = D741C32D1C3BDE68007F1960 /* blogNavPlusStatusBarUITests.xctest */;
			productType = "com.apple.product-type.bundle.ui-testing";
		};
/* End PBXNativeTarget section */

/* Begin PBXProject section */
		D741C3011C3BDE68007F1960 /* Project object */ = {
			isa = PBXProject;
			attributes = {
				LastUpgradeCheck = 0720;
				ORGANIZATIONNAME = vanney;
				TargetAttributes = {
					D741C3081C3BDE68007F1960 = {
						CreatedOnToolsVersion = 7.2;
					};
					D741C3211C3BDE68007F1960 = {
						CreatedOnToolsVersion = 7.2;
						TestTargetID = D741C3081C3BDE68007F1960;
					};
					D741C32C1C3BDE68007F1960 = {
						CreatedOnToolsVersion = 7.2;
						TestTargetID = D741C3081C3BDE68007F1960;
					};
				};
			};
			buildConfigurationList = D741C3041C3BDE68007F1960 /* Build configuration list for PBXProject "blogNavPlusStatusBar" */;
			compatibilityVersion = "Xcode 3.2";
			developmentRegion = English;
			hasScannedForEncodings = 0;
			knownRegions = (
				en,
				Base,
			);
			mainGroup = D741C3001C3BDE68007F1960;
			productRefGroup = D741C30A1C3BDE68007F1960 /* Products */;
			projectDirPath = "";
			projectRoot = "";
			targets = (
				D741C3081C3BDE68007F1960 /* blogNavPlusStatusBar */,
				D741C3211C3BDE68007F1960 /* blogNavPlusStatusBarTests */,
				D741C32C1C3BDE68007F1960 /* blogNavPlusStatusBarUITests */,
			);
		};
/* End PBXProject section */

/* Begin PBXResourcesBuildPhase section */
		D741C3071C3BDE68007F1960 /* Resources */ = {
			isa = PBXResourcesBuildPhase;
			buildActionMask = 2147483647;
			files = (
				D741C31C1C3BDE68007F1960 /* LaunchScreen.storyboard in Resources */,
				D741C3191C3BDE68007F1960 /* Assets.xcassets in Resources */,
			);
			runOnlyForDeploymentPostprocessing = 0;
		};
		D741C3201C3BDE68007F1960 /* Resources */ = {
			isa = PBXResourcesBuildPhase;
			buildActionMask = 2147483647;
			files = (
			);
			runOnlyForDeploymentPostprocessing = 0;
		};
		D741C32B1C3BDE68007F1960 /* Resources */ = {
			isa = PBXResourcesBuildPhase;
			buildActionMask = 2147483647;
			files = (
			);
			runOnlyForDeploymentPostprocessing = 0;
		};
/* End PBXResourcesBuildPhase section */

/* Begin PBXSourcesBuildPhase section */
		D741C3051C3BDE68007F1960 /* Sources */ = {
			isa = PBXSourcesBuildPhase;
			buildActionMask = 2147483647;
			files = (
				D741C3421C3BDF1A007F1960 /* NavPlusStatusBarViewController.m in Sources */,
				D741C3111C3BDE68007F1960 /* AppDelegate.m in Sources */,
				D741C30E1C3BDE68007F1960 /* main.m in Sources */,
			);
			runOnlyForDeploymentPostprocessing = 0;
		};
		D741C31E1C3BDE68007F1960 /* Sources */ = {
			isa = PBXSourcesBuildPhase;
			buildActionMask = 2147483647;
			files = (
				D741C3271C3BDE68007F1960 /* blogNavPlusStatusBarTests.m in Sources */,
			);
			runOnlyForDeploymentPostprocessing = 0;
		};
		D741C3291C3BDE68007F1960 /* Sources */ = {
			isa = PBXSourcesBuildPhase;
			buildActionMask = 2147483647;
			files = (
				D741C3321C3BDE68007F1960 /* blogNavPlusStatusBarUITests.m in Sources */,
			);
			runOnlyForDeploymentPostprocessing = 0;
		};
/* End PBXSourcesBuildPhase section */

/* Begin PBXTargetDependency section */
		D741C3241C3BDE68007F1960 /* PBXTargetDependency */ = {
			isa = PBXTargetDependency;
			target = D741C3081C3BDE68007F1960 /* blogNavPlusStatusBar */;
			targetProxy = D741C3231C3BDE68007F1960 /* PBXContainerItemProxy */;
		};
		D741C32F1C3BDE68007F1960 /* PBXTargetDependency */ = {
			isa = PBXTargetDependency;
			target = D741C3081C3BDE68007F1960 /* blogNavPlusStatusBar */;
			targetProxy = D741C32E1C3BDE68007F1960 /* PBXContainerItemProxy */;
		};
/* End PBXTargetDependency section */

/* Begin PBXVariantGroup section */
		D741C31A1C3BDE68007F1960 /* LaunchScreen.storyboard */ = {
			isa = PBXVariantGroup;
			children = (
				D741C31B1C3BDE68007F1960 /* Base */,
			);
			name = LaunchScreen.storyboard;
			sourceTree = "<group>";
		};
/* End PBXVariantGroup section */

/* Begin XCBuildConfiguration section */
		D741C3341C3BDE68007F1960 /* Debug */ = {
			isa = XCBuildConfiguration;
			buildSettings = {
				ALWAYS_SEARCH_USER_PATHS = NO;
				CLANG_CXX_LANGUAGE_STANDARD = "gnu++0x";
				CLANG_CXX_LIBRARY = "libc++";
				CLANG_ENABLE_MODULES = YES;
				CLANG_ENABLE_OBJC_ARC = YES;
				CLANG_WARN_BOOL_CONVERSION = YES;
				CLANG_WARN_CONSTANT_CONVERSION = YES;
				CLANG_WARN_DIRECT_OBJC_ISA_USAGE = YES_ERROR;
				CLANG_WARN_EMPTY_BODY = YES;
				CLANG_WARN_ENUM_CONVERSION = YES;
				CLANG_WARN_INT_CONVERSION = YES;
				CLANG_WARN_OBJC_ROOT_CLASS = YES_ERROR;
				CLANG_WARN_UNREACHABLE_CODE = YES;
				CLANG_WARN__DUPLICATE_METHOD_MATCH = YES;
				"CODE_SIGN_IDENTITY[sdk=iphoneos*]" = "iPhone Developer";
				COPY_PHASE_STRIP = NO;
				DEBUG_INFORMATION_FORMAT = dwarf;
				ENABLE_STRICT_OBJC_MSGSEND = YES;
				ENABLE_TESTABILITY = YES;
				GCC_C_LANGUAGE_STANDARD = gnu99;
				GCC_DYNAMIC_NO_PIC = NO;
				GCC_NO_COMMON_BLOCKS = YES;
				GCC_OPTIMIZATION_LEVEL = 0;
				GCC_PREPROCESSOR_DEFINITIONS = (
					"DEBUG=1",
					"$(inherited)",
				);
				GCC_WARN_64_TO_32_BIT_CONVERSION = YES;
				GCC_WARN_ABOUT_RETURN_TYPE = YES_ERROR;
				GCC_WARN_UNDECLARED_SELECTOR = YES;
				GCC_WARN_UNINITIALIZED_AUTOS = YES_AGGRESSIVE;
				GCC_WARN_UNUSED_FUNCTION = YES;
				GCC_WARN_UNUSED_VARIABLE = YES;
				IPHONEOS_DEPLOYMENT_TARGET = 9.2;
				MTL_ENABLE_DEBUG_INFO = YES;
				ONLY_ACTIVE_ARCH = YES;
				SDKROOT = iphoneos;
			};
			name = Debug;
		};
		D741C3351C3BDE68007F1960 /* Release */ = {
			isa = XCBuildConfiguration;
			buildSettings = {
				ALWAYS_SEARCH_USER_PATHS = NO;
				CLANG_CXX_LANGUAGE_STANDARD = "gnu++0x";
				CLANG_CXX_LIBRARY = "libc++";
				CLANG_ENABLE_MODULES = YES;
				CLANG_ENABLE_OBJC_ARC = YES;
				CLANG_WARN_BOOL_CONVERSION = YES;
				CLANG_WARN_CONSTANT_CONVERSION = YES;
				CLANG_WARN_DIRECT_OBJC_ISA_USAGE = YES_ERROR;
				CLANG_WARN_EMPTY_BODY = YES;
				CLANG_WARN_ENUM_CONVERSION = YES;
				CLANG_WARN_INT_CONVERSION = YES;
				CLANG_WARN_OBJC_ROOT_CLASS = YES_ERROR;
				CLANG_WARN_UNREACHABLE_CODE = YES;
				CLANG_WARN__DUPLICATE_METHOD_MATCH = YES;
				"CODE_SIGN_IDENTITY[sdk=iphoneos*]" = "iPhone Developer";
				COPY_PHASE_STRIP = NO;
				DEBUG_INFORMATION_FORMAT = "dwarf-with-dsym";
				ENABLE_NS_ASSERTIONS = NO;
				ENABLE_STRICT_OBJC_MSGSEND = YES;
				GCC_C_LANGUAGE_STANDARD = gnu99;
				GCC_NO_COMMON_BLOCKS = YES;
				GCC_WARN_64_TO_32_BIT_CONVERSION = YES;
				GCC_WARN_ABOUT_RETURN_TYPE = YES_ERROR;
				GCC_WARN_UNDECLARED_SELECTOR = YES;
				GCC_WARN_UNINITIALIZED_AUTOS = YES_AGGRESSIVE;
				GCC_WARN_UNUSED_FUNCTION = YES;
				GCC_WARN_UNUSED_VARIABLE = YES;
				IPHONEOS_DEPLOYMENT_TARGET = 9.2;
				MTL_ENABLE_DEBUG_INFO = NO;
				SDKROOT = iphoneos;
				VALIDATE_PRODUCT = YES;
			};
			name = Release;
		};
		D741C3371C3BDE68007F1960 /* Debug */ = {
			isa = XCBuildConfiguration;
			buildSettings = {
				ASSETCATALOG_COMPILER_APPICON_NAME = AppIcon;
				INFOPLIST_FILE = blogNavPlusStatusBar/Info.plist;
				LD_RUNPATH_SEARCH_PATHS = "$(inherited) @executable_path/Frameworks";
				PRODUCT_BUNDLE_IDENTIFIER = com.vanney9.blogNavPlusStatusBar;
				PRODUCT_NAME = "$(TARGET_NAME)";
			};
			name = Debug;
		};
		D741C3381C3BDE68007F1960 /* Release */ = {
			isa = XCBuildConfiguration;
			buildSettings = {
				ASSETCATALOG_COMPILER_APPICON_NAME = AppIcon;
				INFOPLIST_FILE = blogNavPlusStatusBar/Info.plist;
				LD_RUNPATH_SEARCH_PATHS = "$(inherited) @executable_path/Frameworks";
				PRODUCT_BUNDLE_IDENTIFIER = com.vanney9.blogNavPlusStatusBar;
				PRODUCT_NAME = "$(TARGET_NAME)";
			};
			name = Release;
		};
		D741C33A1C3BDE68007F1960 /* Debug */ = {
			isa = XCBuildConfiguration;
			buildSettings = {
				BUNDLE_LOADER = "$(TEST_HOST)";
				INFOPLIST_FILE = blogNavPlusStatusBarTests/Info.plist;
				LD_RUNPATH_SEARCH_PATHS = "$(inherited) @executable_path/Frameworks @loader_path/Frameworks";
				PRODUCT_BUNDLE_IDENTIFIER = com.vanney9.blogNavPlusStatusBarTests;
				PRODUCT_NAME = "$(TARGET_NAME)";
				TEST_HOST = "$(BUILT_PRODUCTS_DIR)/blogNavPlusStatusBar.app/blogNavPlusStatusBar";
			};
			name = Debug;
		};
		D741C33B1C3BDE68007F1960 /* Release */ = {
			isa = XCBuildConfiguration;
			buildSettings = {
				BUNDLE_LOADER = "$(TEST_HOST)";
				INFOPLIST_FILE = blogNavPlusStatusBarTests/Info.plist;
				LD_RUNPATH_SEARCH_PATHS = "$(inherited) @executable_path/Frameworks @loader_path/Frameworks";
				PRODUCT_BUNDLE_IDENTIFIER = com.vanney9.blogNavPlusStatusBarTests;
				PRODUCT_NAME = "$(TARGET_NAME)";
				TEST_HOST = "$(BUILT_PRODUCTS_DIR)/blogNavPlusStatusBar.app/blogNavPlusStatusBar";
			};
			name = Release;
		};
		D741C33D1C3BDE68007F1960 /* Debug */ = {
			isa = XCBuildConfiguration;
			buildSettings = {
				INFOPLIST_FILE = blogNavPlusStatusBarUITests/Info.plist;
				LD_RUNPATH_SEARCH_PATHS = "$(inherited) @executable_path/Frameworks @loader_path/Frameworks";
				PRODUCT_BUNDLE_IDENTIFIER = com.vanney9.blogNavPlusStatusBarUITests;
				PRODUCT_NAME = "$(TARGET_NAME)";
				TEST_TARGET_NAME = blogNavPlusStatusBar;
				USES_XCTRUNNER = YES;
			};
			name = Debug;
		};
		D741C33E1C3BDE68007F1960 /* Release */ = {
			isa = XCBuildConfiguration;
			buildSettings = {
				INFOPLIST_FILE = blogNavPlusStatusBarUITests/Info.plist;
				LD_RUNPATH_SEARCH_PATHS = "$(inherited) @executable_path/Frameworks @loader_path/Frameworks";
				PRODUCT_BUNDLE_IDENTIFIER = com.vanney9.blogNavPlusStatusBarUITests;
				PRODUCT_NAME = "$(TARGET_NAME)";
				TEST_TARGET_NAME = blogNavPlusStatusBar;
				USES_XCTRUNNER = YES;
			};
			name = Release;
		};
/* End XCBuildConfiguration section */

/* Begin XCConfigurationList section */
		D741C3041C3BDE68007F1960 /* Build configuration list for PBXProject "blogNavPlusStatusBar" */ = {
			isa = XCConfigurationList;
			buildConfigurations = (
				D741C3341C3BDE68007F1960 /* Debug */,
				D741C3351C3BDE68007F1960 /* Release */,
			);
			defaultConfigurationIsVisible = 0;
			defaultConfigurationName = Release;
		};
		D741C3361C3BDE68007F1960 /* Build configuration list for PBXNativeTarget "blogNavPlusStatusBar" */ = {
			isa = XCConfigurationList;
			buildConfigurations = (
				D741C3371C3BDE68007F1960 /* Debug */,
				D741C3381C3BDE68007F1960 /* Release */,
			);
			defaultConfigurationIsVisible = 0;
		};
		D741C3391C3BDE68007F1960 /* Build configuration list for PBXNativeTarget "blogNavPlusStatusBarTests" */ = {
			isa = XCConfigurationList;
			buildConfigurations = (
				D741C33A1C3BDE68007F1960 /* Debug */,
				D741C33B1C3BDE68007F1960 /* Release */,
			);
			defaultConfigurationIsVisible = 0;
		};
		D741C33C1C3BDE68007F1960 /* Build configuration list for PBXNativeTarget "blogNavPlusStatusBarUITests" */ = {
			isa = XCConfigurationList;
			buildConfigurations = (
				D741C33D1C3BDE68007F1960 /* Debug */,
				D741C33E1C3BDE68007F1960 /* Release */,
			);
			defaultConfigurationIsVisible = 0;
		};
/* End XCConfigurationList section */
	};
	rootObject = D741C3011C3BDE68007F1960 /* Project object */;
}
